
Microsoft Visual Studio Solution File, Format Version 12.00
# Visual Studio Version 17
VisualStudioVersion = 17.11.35327.3
MinimumVisualStudioVersion = 10.0.40219.1
Project("{FAE04EC0-301F-11D3-BF4B-00C04F79EFBC}") = "AutoEmailDemoProject", "AutoEmailDemoProject\AutoEmailDemoProject.csproj", "{A852B547-5B5A-4216-9642-F3B806DCBC86}"
EndProject
Global
	GlobalSection(SolutionConfigurationPlatforms) = preSolution
		Debug|Any CPU = Debug|Any CPU
		Release|Any CPU = Release|Any CPU
	EndGlobalSection
	GlobalSection(ProjectConfigurationPlatforms) = postSolution
		{A852B547-5B5A-4216-9642-F3B806DCBC86}.Debug|Any CPU.ActiveCfg = Debug|Any CPU
		{A852B547-5B5A-4216-9642-F3B806DCBC86}.Debug|Any CPU.Build.0 = Debug|Any CPU
		{A852B547-5B5A-4216-9642-F3B806DCBC86}.Release|Any CPU.ActiveCfg = Release|Any CPU
		{A852B547-5B5A-4216-9642-F3B806DCBC86}.Release|Any CPU.Build.0 = Release|Any CPU
	EndGlobalSection
	GlobalSection(SolutionProperties) = preSolution
		HideSolutionNode = FALSE
	EndGlobalSection
	GlobalSection(ExtensibilityGlobals) = postSolution
		SolutionGuid = {F1D4202D-A565-41F4-80D6-8697FD7A16D3}
	EndGlobalSection
EndGlobal
